{
  "requires": true,
  "lockfileVersion": 1,
  "dependencies": {
    "bootstrap-xxl": {
      "version": "4.1.0",
      "resolved": "https://registry.npmjs.org/bootstrap-xxl/-/bootstrap-xxl-4.1.0.tgz",
      "integrity": "sha512-bEur8Eq6DGZzLrbP3kXIcPR5MBKmxdAiVNJpyk6TV48kIjfOnEPOqdk0/h8ah9Ihf3hAEWco3CzeiDCgX327ZQ=="
    }
  }
}
